
Microsoft Visual Studio Solution File, Format Version 12.00
# Visual Studio 15
VisualStudioVersion = 15.0.27004.2008
MinimumVisualStudioVersion = 10.0.40219.1
Project("{FAE04EC0-301F-11D3-BF4B-00C04F79EFBC}") = "CyberSecurity", "CyberSecurity\CyberSecurity.csproj", "{AA895B29-6FED-45BA-BB7E-9A6F79107007}"
EndProject
Global
	GlobalSection(SolutionConfigurationPlatforms) = preSolution
		Debug|Any CPU = Debug|Any CPU
		Release|Any CPU = Release|Any CPU
	EndGlobalSection
	GlobalSection(ProjectConfigurationPlatforms) = postSolution
		{AA895B29-6FED-45BA-BB7E-9A6F79107007}.Debug|Any CPU.ActiveCfg = Debug|Any CPU
		{AA895B29-6FED-45BA-BB7E-9A6F79107007}.Debug|Any CPU.Build.0 = Debug|Any CPU
		{AA895B29-6FED-45BA-BB7E-9A6F79107007}.Release|Any CPU.ActiveCfg = Release|Any CPU
		{AA895B29-6FED-45BA-BB7E-9A6F79107007}.Release|Any CPU.Build.0 = Release|Any CPU
	EndGlobalSection
	GlobalSection(SolutionProperties) = preSolution
		HideSolutionNode = FALSE
	EndGlobalSection
	GlobalSection(ExtensibilityGlobals) = postSolution
		SolutionGuid = {80C067E5-FCE1-41C9-B5B9-DD21AEFCA903}
	EndGlobalSection
EndGlobal
